
Microsoft Visual Studio Solution File, Format Version 12.00
# Visual Studio Version 17
VisualStudioVersion = 17.9.34723.18
MinimumVisualStudioVersion = 10.0.40219.1
Project("{FAE04EC0-301F-11D3-BF4B-00C04F79EFBC}") = "Demo1", "Demo1\Demo1.csproj", "{30360A0F-ED97-423E-A52C-01B30310E809}"
EndProject
Global
	GlobalSection(SolutionConfigurationPlatforms) = preSolution
		Debug|Any CPU = Debug|Any CPU
		Release|Any CPU = Release|Any CPU
	EndGlobalSection
	GlobalSection(ProjectConfigurationPlatforms) = postSolution
		{30360A0F-ED97-423E-A52C-01B30310E809}.Debug|Any CPU.ActiveCfg = Debug|Any CPU
		{30360A0F-ED97-423E-A52C-01B30310E809}.Debug|Any CPU.Build.0 = Debug|Any CPU
		{30360A0F-ED97-423E-A52C-01B30310E809}.Release|Any CPU.ActiveCfg = Release|Any CPU
		{30360A0F-ED97-423E-A52C-01B30310E809}.Release|Any CPU.Build.0 = Release|Any CPU
	EndGlobalSection
	GlobalSection(SolutionProperties) = preSolution
		HideSolutionNode = FALSE
	EndGlobalSection
	GlobalSection(ExtensibilityGlobals) = postSolution
		SolutionGuid = {D78B6C15-2A5B-4AAE-B4C6-97A6895A931C}
	EndGlobalSection
EndGlobal
